
Microsoft Visual Studio Solution File, Format Version 12.00
# Visual Studio Version 16
VisualStudioVersion = 16.0.31729.503
MinimumVisualStudioVersion = 10.0.40219.1
Project("{FAE04EC0-301F-11D3-BF4B-00C04F79EFBC}") = "RotateCharApp", "RotateCharApp.csproj", "{7ADA452A-C0BC-42EE-BD88-3CE963A8F8AE}"
EndProject
Global
	GlobalSection(SolutionConfigurationPlatforms) = preSolution
		Debug|Any CPU = Debug|Any CPU
		Release|Any CPU = Release|Any CPU
	EndGlobalSection
	GlobalSection(ProjectConfigurationPlatforms) = postSolution
		{7ADA452A-C0BC-42EE-BD88-3CE963A8F8AE}.Debug|Any CPU.ActiveCfg = Debug|Any CPU
		{7ADA452A-C0BC-42EE-BD88-3CE963A8F8AE}.Debug|Any CPU.Build.0 = Debug|Any CPU
		{7ADA452A-C0BC-42EE-BD88-3CE963A8F8AE}.Release|Any CPU.ActiveCfg = Release|Any CPU
		{7ADA452A-C0BC-42EE-BD88-3CE963A8F8AE}.Release|Any CPU.Build.0 = Release|Any CPU
	EndGlobalSection
	GlobalSection(SolutionProperties) = preSolution
		HideSolutionNode = FALSE
	EndGlobalSection
	GlobalSection(ExtensibilityGlobals) = postSolution
		SolutionGuid = {C02473FD-54AA-4789-A77D-0E47EF63D107}
	EndGlobalSection
EndGlobal
